
Microsoft Visual Studio Solution File, Format Version 12.00
# Visual Studio Version 16
VisualStudioVersion = 16.0.29926.136
MinimumVisualStudioVersion = 10.0.40219.1
Project("{FAE04EC0-301F-11D3-BF4B-00C04F79EFBC}") = "BookListRazor", "BookListRazor\BookListRazor.csproj", "{B89C42DB-569D-4A72-909F-0802EEFA07EF}"
EndProject
Global
	GlobalSection(SolutionConfigurationPlatforms) = preSolution
		Debug|Any CPU = Debug|Any CPU
		Release|Any CPU = Release|Any CPU
	EndGlobalSection
	GlobalSection(ProjectConfigurationPlatforms) = postSolution
		{B89C42DB-569D-4A72-909F-0802EEFA07EF}.Debug|Any CPU.ActiveCfg = Debug|Any CPU
		{B89C42DB-569D-4A72-909F-0802EEFA07EF}.Debug|Any CPU.Build.0 = Debug|Any CPU
		{B89C42DB-569D-4A72-909F-0802EEFA07EF}.Release|Any CPU.ActiveCfg = Release|Any CPU
		{B89C42DB-569D-4A72-909F-0802EEFA07EF}.Release|Any CPU.Build.0 = Release|Any CPU
	EndGlobalSection
	GlobalSection(SolutionProperties) = preSolution
		HideSolutionNode = FALSE
	EndGlobalSection
	GlobalSection(ExtensibilityGlobals) = postSolution
		SolutionGuid = {90AF9DFC-65A5-46D4-A433-0A0824E7E401}
	EndGlobalSection
EndGlobal
